
Microsoft Visual Studio Solution File, Format Version 12.00
# Visual Studio Version 17
VisualStudioVersion = 17.14.36301.6 d17.14
MinimumVisualStudioVersion = 10.0.40219.1
Project("{C9674DCB-5085-4A16-B785-4C70DD1589BD}") = "Load Northwind Data Warehouse", "Load Northwind Data Warehouse.dtproj", "{D6A6A8BE-DBFB-044C-6816-02C5CF45CD3C}"
EndProject
Global
	GlobalSection(SolutionConfigurationPlatforms) = preSolution
		Development|Default = Development|Default
	EndGlobalSection
	GlobalSection(ProjectConfigurationPlatforms) = postSolution
		{D6A6A8BE-DBFB-044C-6816-02C5CF45CD3C}.Development|Default.ActiveCfg = Development
		{D6A6A8BE-DBFB-044C-6816-02C5CF45CD3C}.Development|Default.Build.0 = Development
	EndGlobalSection
	GlobalSection(SolutionProperties) = preSolution
		HideSolutionNode = FALSE
	EndGlobalSection
	GlobalSection(ExtensibilityGlobals) = postSolution
		SolutionGuid = {920A2A81-6388-4625-97EE-4F59DED65B22}
	EndGlobalSection
EndGlobal
